
Microsoft Visual Studio Solution File, Format Version 12.00
# Visual Studio Version 17
VisualStudioVersion = 17.14.36623.8 d17.14
MinimumVisualStudioVersion = 10.0.40219.1
Project("{FAE04EC0-301F-11D3-BF4B-00C04F79EFBC}") = "SandOperations", "SandOperations\SandOperations.csproj", "{FB537365-4662-4DEE-88F9-67D85AF88892}"
EndProject
Global
	GlobalSection(SolutionConfigurationPlatforms) = preSolution
		Debug|Any CPU = Debug|Any CPU
		Release|Any CPU = Release|Any CPU
	EndGlobalSection
	GlobalSection(ProjectConfigurationPlatforms) = postSolution
		{FB537365-4662-4DEE-88F9-67D85AF88892}.Debug|Any CPU.ActiveCfg = Debug|Any CPU
		{FB537365-4662-4DEE-88F9-67D85AF88892}.Debug|Any CPU.Build.0 = Debug|Any CPU
		{FB537365-4662-4DEE-88F9-67D85AF88892}.Release|Any CPU.ActiveCfg = Release|Any CPU
		{FB537365-4662-4DEE-88F9-67D85AF88892}.Release|Any CPU.Build.0 = Release|Any CPU
	EndGlobalSection
	GlobalSection(SolutionProperties) = preSolution
		HideSolutionNode = FALSE
	EndGlobalSection
	GlobalSection(ExtensibilityGlobals) = postSolution
		SolutionGuid = {0CFE8D4A-8B76-420B-80F0-BF4E6743A61D}
	EndGlobalSection
EndGlobal
